# This file was autogenerated by Stack.
# You should not edit this file by hand.
# For more information, please see the documentation at:
#   https://docs.haskellstack.org/en/stable/lock_files

packages: []
snapshots:
- completed:
    size: 502375
    url: https://raw.githubusercontent.com/commercialhaskell/stackage-snapshots/master/lts/12/7.yaml
    sha256: d266b4bedeb8cdfded700ad7ba5df28791aa1b1682cfcf15577a987e5f5a7416
  original: lts-12.7
